
Microsoft Visual Studio Solution File, Format Version 12.00
# Visual Studio Version 16
VisualStudioVersion = 16.0.30523.141
MinimumVisualStudioVersion = 10.0.40219.1
Project("{9A19103F-16F7-4668-BE54-9A1E7A4F7556}") = "Timesheet_Tracker", "Timesheet_Tracker.csproj", "{D0EF803C-3D52-4A7F-B806-89D7FD89D683}"
EndProject
Global
	GlobalSection(SolutionConfigurationPlatforms) = preSolution
		Debug|Any CPU = Debug|Any CPU
		Release|Any CPU = Release|Any CPU
	EndGlobalSection
	GlobalSection(ProjectConfigurationPlatforms) = postSolution
		{D0EF803C-3D52-4A7F-B806-89D7FD89D683}.Debug|Any CPU.ActiveCfg = Debug|Any CPU
		{D0EF803C-3D52-4A7F-B806-89D7FD89D683}.Debug|Any CPU.Build.0 = Debug|Any CPU
		{D0EF803C-3D52-4A7F-B806-89D7FD89D683}.Release|Any CPU.ActiveCfg = Release|Any CPU
		{D0EF803C-3D52-4A7F-B806-89D7FD89D683}.Release|Any CPU.Build.0 = Release|Any CPU
	EndGlobalSection
	GlobalSection(SolutionProperties) = preSolution
		HideSolutionNode = FALSE
	EndGlobalSection
	GlobalSection(ExtensibilityGlobals) = postSolution
		SolutionGuid = {475F8BBF-6345-4546-89BD-5ABB08DC5347}
	EndGlobalSection
EndGlobal
